{
  "originHash" : "6a403dc385bfd7882a257d7841395832e67a71e50c84cf0cf00e5d677f417c3a",
  "pins" : [
    {
      "identity" : "kiki_mackit",
      "kind" : "remoteSourceControl",
      "location" : "https://github.com/Feng6611/Kiki_mackit.git",
      "state" : {
        "revision" : "a4f4ee12841e86300bccd28205133024680645e0",
        "version" : "0.9.0"
      }
    }
  ],
  "version" : 3
}
