{
  "originHash" : "7473664ffed3e4640dc67bbea2016ed16166c31e7ebb87ccac0cbadca202b18d",
  "pins" : [
    {
      "identity" : "kiki_mackit",
      "kind" : "remoteSourceControl",
      "location" : "https://github.com/Feng6611/Kiki_mackit.git",
      "state" : {
        "revision" : "a0b06ad7b5e83504df20584eab4c1426bd2b27ca",
        "version" : "0.7.0"
      }
    },
    {
      "identity" : "purchases-ios-spm",
      "kind" : "remoteSourceControl",
      "location" : "https://github.com/RevenueCat/purchases-ios-spm.git",
      "state" : {
        "revision" : "a1bf83fc76099c3d801aa7fc2543c3b9e488cd00",
        "version" : "5.67.0"
      }
    }
  ],
  "version" : 3
}
